
Microsoft Visual Studio Solution File, Format Version 12.00
# Visual Studio Version 16
VisualStudioVersion = 16.0.30114.105
MinimumVisualStudioVersion = 10.0.40219.1
Project("{2150E333-8FDC-42A3-9474-1A3956D46DE8}") = "src", "src", "{CBE7FEFF-568F-4711-B296-9B352606957B}"
EndProject
Project("{FAE04EC0-301F-11D3-BF4B-00C04F79EFBC}") = "Helmut.Operations", "src\Helmut.Operations\Helmut.Operations.csproj", "{38CC1ED3-647A-4A43-B9D7-BCE2F340B71C}"
EndProject
Project("{FAE04EC0-301F-11D3-BF4B-00C04F79EFBC}") = "Helmut.Radar", "src\Helmut.Radar\Helmut.Radar.csproj", "{4795DDBF-0596-4AAE-B664-1EF55CB143B2}"
EndProject
Project("{FAE04EC0-301F-11D3-BF4B-00C04F79EFBC}") = "Helmut.General", "src\Helmut.General\Helmut.General.csproj", "{15B7B802-75F7-461A-93A7-DDBB2255235E}"
EndProject
Global
	GlobalSection(SolutionConfigurationPlatforms) = preSolution
		Debug|Any CPU = Debug|Any CPU
		Release|Any CPU = Release|Any CPU
	EndGlobalSection
	GlobalSection(SolutionProperties) = preSolution
		HideSolutionNode = FALSE
	EndGlobalSection
	GlobalSection(ProjectConfigurationPlatforms) = postSolution
		{38CC1ED3-647A-4A43-B9D7-BCE2F340B71C}.Debug|Any CPU.ActiveCfg = Debug|Any CPU
		{38CC1ED3-647A-4A43-B9D7-BCE2F340B71C}.Debug|Any CPU.Build.0 = Debug|Any CPU
		{38CC1ED3-647A-4A43-B9D7-BCE2F340B71C}.Release|Any CPU.ActiveCfg = Release|Any CPU
		{38CC1ED3-647A-4A43-B9D7-BCE2F340B71C}.Release|Any CPU.Build.0 = Release|Any CPU
		{4795DDBF-0596-4AAE-B664-1EF55CB143B2}.Debug|Any CPU.ActiveCfg = Debug|Any CPU
		{4795DDBF-0596-4AAE-B664-1EF55CB143B2}.Debug|Any CPU.Build.0 = Debug|Any CPU
		{4795DDBF-0596-4AAE-B664-1EF55CB143B2}.Release|Any CPU.ActiveCfg = Release|Any CPU
		{4795DDBF-0596-4AAE-B664-1EF55CB143B2}.Release|Any CPU.Build.0 = Release|Any CPU
		{15B7B802-75F7-461A-93A7-DDBB2255235E}.Debug|Any CPU.ActiveCfg = Debug|Any CPU
		{15B7B802-75F7-461A-93A7-DDBB2255235E}.Debug|Any CPU.Build.0 = Debug|Any CPU
		{15B7B802-75F7-461A-93A7-DDBB2255235E}.Release|Any CPU.ActiveCfg = Release|Any CPU
		{15B7B802-75F7-461A-93A7-DDBB2255235E}.Release|Any CPU.Build.0 = Release|Any CPU
	EndGlobalSection
	GlobalSection(NestedProjects) = preSolution
		{38CC1ED3-647A-4A43-B9D7-BCE2F340B71C} = {CBE7FEFF-568F-4711-B296-9B352606957B}
		{4795DDBF-0596-4AAE-B664-1EF55CB143B2} = {CBE7FEFF-568F-4711-B296-9B352606957B}
		{15B7B802-75F7-461A-93A7-DDBB2255235E} = {CBE7FEFF-568F-4711-B296-9B352606957B}
	EndGlobalSection
EndGlobal
